
Microsoft Visual Studio Solution File, Format Version 12.00
# Visual Studio Version 18
VisualStudioVersion = 18.0.11018.127
MinimumVisualStudioVersion = 10.0.40219.1
Project("{FAE04EC0-301F-11D3-BF4B-00C04F79EFBC}") = "HttpClientDemo.Client.Simple", "HttpClientDemo.Client\HttpClientDemo.Client.Simple.csproj", "{A70821CA-D10E-4A03-A051-6CCBC093FE65}"
EndProject
Project("{FAE04EC0-301F-11D3-BF4B-00C04F79EFBC}") = "HttpClientDemo.WebApi", "HttpClientDemo.WebApi\HttpClientDemo.WebApi.csproj", "{7314DDE8-BE29-4599-B4C2-F692D43C434E}"
EndProject
Project("{FAE04EC0-301F-11D3-BF4B-00C04F79EFBC}") = "HttpClientDemo.Client.WithDependencyInjection", "HttpClientDemo.Client.WithDependencyInjection\HttpClientDemo.Client.WithDependencyInjection.csproj", "{89BFF74C-E02F-42DC-931A-16C5EDC7B639}"
EndProject
Project("{FAE04EC0-301F-11D3-BF4B-00C04F79EFBC}") = "HttpClientDemo.Client.WithAutofac", "HttpClientDemo.Client.WithAutofac\HttpClientDemo.Client.WithAutofac.csproj", "{A777BA30-A41D-40B0-A13D-668673AD76E4}"
EndProject
Project("{2150E333-8FDC-42A3-9474-1A3956D46DE8}") = "WebApi", "WebApi", "{14E10BFF-633B-42E6-B87C-887ABAEC910D}"
EndProject
Project("{2150E333-8FDC-42A3-9474-1A3956D46DE8}") = "Clients", "Clients", "{DFBAA96D-EBF6-4AAD-8404-BA45A0091BED}"
EndProject
Project("{FAE04EC0-301F-11D3-BF4B-00C04F79EFBC}") = "HttpClientDemo.WebApiAccess", "HttpClientDemo.WebApiAccess\HttpClientDemo.WebApiAccess.csproj", "{74C548EA-AD2E-4D5A-8B9D-5F85A4673DD2}"
EndProject
Project("{FAE04EC0-301F-11D3-BF4B-00C04F79EFBC}") = "HttpClientDemo.Handlers", "HttpClientDemo.Handlers\HttpClientDemo.Handlers.csproj", "{697BCC9C-8225-40AE-B097-322B8F8ECB0C}"
EndProject
Global
	GlobalSection(SolutionConfigurationPlatforms) = preSolution
		Debug|Any CPU = Debug|Any CPU
		Release|Any CPU = Release|Any CPU
	EndGlobalSection
	GlobalSection(ProjectConfigurationPlatforms) = postSolution
		{A70821CA-D10E-4A03-A051-6CCBC093FE65}.Debug|Any CPU.ActiveCfg = Debug|Any CPU
		{A70821CA-D10E-4A03-A051-6CCBC093FE65}.Debug|Any CPU.Build.0 = Debug|Any CPU
		{A70821CA-D10E-4A03-A051-6CCBC093FE65}.Release|Any CPU.ActiveCfg = Release|Any CPU
		{A70821CA-D10E-4A03-A051-6CCBC093FE65}.Release|Any CPU.Build.0 = Release|Any CPU
		{7314DDE8-BE29-4599-B4C2-F692D43C434E}.Debug|Any CPU.ActiveCfg = Debug|Any CPU
		{7314DDE8-BE29-4599-B4C2-F692D43C434E}.Debug|Any CPU.Build.0 = Debug|Any CPU
		{7314DDE8-BE29-4599-B4C2-F692D43C434E}.Release|Any CPU.ActiveCfg = Release|Any CPU
		{7314DDE8-BE29-4599-B4C2-F692D43C434E}.Release|Any CPU.Build.0 = Release|Any CPU
		{89BFF74C-E02F-42DC-931A-16C5EDC7B639}.Debug|Any CPU.ActiveCfg = Debug|Any CPU
		{89BFF74C-E02F-42DC-931A-16C5EDC7B639}.Debug|Any CPU.Build.0 = Debug|Any CPU
		{89BFF74C-E02F-42DC-931A-16C5EDC7B639}.Release|Any CPU.ActiveCfg = Release|Any CPU
		{89BFF74C-E02F-42DC-931A-16C5EDC7B639}.Release|Any CPU.Build.0 = Release|Any CPU
		{A777BA30-A41D-40B0-A13D-668673AD76E4}.Debug|Any CPU.ActiveCfg = Debug|Any CPU
		{A777BA30-A41D-40B0-A13D-668673AD76E4}.Debug|Any CPU.Build.0 = Debug|Any CPU
		{A777BA30-A41D-40B0-A13D-668673AD76E4}.Release|Any CPU.ActiveCfg = Release|Any CPU
		{A777BA30-A41D-40B0-A13D-668673AD76E4}.Release|Any CPU.Build.0 = Release|Any CPU
		{74C548EA-AD2E-4D5A-8B9D-5F85A4673DD2}.Debug|Any CPU.ActiveCfg = Debug|Any CPU
		{74C548EA-AD2E-4D5A-8B9D-5F85A4673DD2}.Debug|Any CPU.Build.0 = Debug|Any CPU
		{74C548EA-AD2E-4D5A-8B9D-5F85A4673DD2}.Release|Any CPU.ActiveCfg = Release|Any CPU
		{74C548EA-AD2E-4D5A-8B9D-5F85A4673DD2}.Release|Any CPU.Build.0 = Release|Any CPU
		{697BCC9C-8225-40AE-B097-322B8F8ECB0C}.Debug|Any CPU.ActiveCfg = Debug|Any CPU
		{697BCC9C-8225-40AE-B097-322B8F8ECB0C}.Debug|Any CPU.Build.0 = Debug|Any CPU
		{697BCC9C-8225-40AE-B097-322B8F8ECB0C}.Release|Any CPU.ActiveCfg = Release|Any CPU
		{697BCC9C-8225-40AE-B097-322B8F8ECB0C}.Release|Any CPU.Build.0 = Release|Any CPU
	EndGlobalSection
	GlobalSection(SolutionProperties) = preSolution
		HideSolutionNode = FALSE
	EndGlobalSection
	GlobalSection(NestedProjects) = preSolution
		{A70821CA-D10E-4A03-A051-6CCBC093FE65} = {DFBAA96D-EBF6-4AAD-8404-BA45A0091BED}
		{7314DDE8-BE29-4599-B4C2-F692D43C434E} = {14E10BFF-633B-42E6-B87C-887ABAEC910D}
		{89BFF74C-E02F-42DC-931A-16C5EDC7B639} = {DFBAA96D-EBF6-4AAD-8404-BA45A0091BED}
		{A777BA30-A41D-40B0-A13D-668673AD76E4} = {DFBAA96D-EBF6-4AAD-8404-BA45A0091BED}
		{74C548EA-AD2E-4D5A-8B9D-5F85A4673DD2} = {DFBAA96D-EBF6-4AAD-8404-BA45A0091BED}
		{697BCC9C-8225-40AE-B097-322B8F8ECB0C} = {DFBAA96D-EBF6-4AAD-8404-BA45A0091BED}
	EndGlobalSection
	GlobalSection(ExtensibilityGlobals) = postSolution
		SolutionGuid = {9A33F31F-3A2E-4BFB-AAAC-0A864EEDA1FA}
	EndGlobalSection
EndGlobal
